// !$*UTF8*$!
{
	archiveVersion = 1;
	classes = {
	};
	objectVersion = 55;
	objects = {

/* Begin PBXBuildFile section */
		257DA54F2750F6820008B8BE /* EcoFriendlyApp.swift in Sources */ = {isa = PBXBuildFile; fileRef = 257DA54E2750F6820008B8BE /* EcoFriendlyApp.swift */; };
		257DA5532750F6820008B8BE /* Assets.xcassets in Resources */ = {isa = PBXBuildFile; fileRef = 257DA5522750F6820008B8BE /* Assets.xcassets */; };
		257DA5562750F6820008B8BE /* Preview Assets.xcassets in Resources */ = {isa = PBXBuildFile; fileRef = 257DA5552750F6820008B8BE /* Preview Assets.xcassets */; };
		257DA55D2750F6EE0008B8BE /* MainView.swift in Sources */ = {isa = PBXBuildFile; fileRef = 257DA55C2750F6EE0008B8BE /* MainView.swift */; };
		257DA55F2750F7130008B8BE /* VicinoATeView.swift in Sources */ = {isa = PBXBuildFile; fileRef = 257DA55E2750F7130008B8BE /* VicinoATeView.swift */; };
		257DA5632750F7290008B8BE /* SfideView.swift in Sources */ = {isa = PBXBuildFile; fileRef = 257DA5622750F7290008B8BE /* SfideView.swift */; };
		257DA5652750F7360008B8BE /* ProfiloView.swift in Sources */ = {isa = PBXBuildFile; fileRef = 257DA5642750F7360008B8BE /* ProfiloView.swift */; };
		257DA56B275121F30008B8BE /* Sfide.swift in Sources */ = {isa = PBXBuildFile; fileRef = 257DA56A275121F30008B8BE /* Sfide.swift */; };
		257DA56D275121FE0008B8BE /* Utente.swift in Sources */ = {isa = PBXBuildFile; fileRef = 257DA56C275121FE0008B8BE /* Utente.swift */; };
		25BE0CCA2753AD0A00B36506 /* OnboardingView.swift in Sources */ = {isa = PBXBuildFile; fileRef = 25BE0CC92753AD0A00B36506 /* OnboardingView.swift */; };
		25D36B0A2756817A00B4BBFA /* OnboardingCards.swift in Sources */ = {isa = PBXBuildFile; fileRef = 25D36B092756817A00B4BBFA /* OnboardingCards.swift */; };
/* End PBXBuildFile section */

/* Begin PBXFileReference section */
		257DA54B2750F6820008B8BE /* EcoFriendly.app */ = {isa = PBXFileReference; explicitFileType = wrapper.application; includeInIndex = 0; path = EcoFriendly.app; sourceTree = BUILT_PRODUCTS_DIR; };
		257DA54E2750F6820008B8BE /* EcoFriendlyApp.swift */ = {isa = PBXFileReference; lastKnownFileType = sourcecode.swift; path = EcoFriendlyApp.swift; sourceTree = "<group>"; };
		257DA5522750F6820008B8BE /* Assets.xcassets */ = {isa = PBXFileReference; lastKnownFileType = folder.assetcatalog; path = Assets.xcassets; sourceTree = "<group>"; };
		257DA5552750F6820008B8BE /* Preview Assets.xcassets */ = {isa = PBXFileReference; lastKnownFileType = folder.assetcatalog; path = "Preview Assets.xcassets"; sourceTree = "<group>"; };
		257DA55C2750F6EE0008B8BE /* MainView.swift */ = {isa = PBXFileReference; lastKnownFileType = sourcecode.swift; path = MainView.swift; sourceTree = "<group>"; };
		257DA55E2750F7130008B8BE /* VicinoATeView.swift */ = {isa = PBXFileReference; lastKnownFileType = sourcecode.swift; path = VicinoATeView.swift; sourceTree = "<group>"; };
		257DA5622750F7290008B8BE /* SfideView.swift */ = {isa = PBXFileReference; lastKnownFileType = sourcecode.swift; path = SfideView.swift; sourceTree = "<group>"; };
		257DA5642750F7360008B8BE /* ProfiloView.swift */ = {isa = PBXFileReference; lastKnownFileType = sourcecode.swift; path = ProfiloView.swift; sourceTree = "<group>"; };
		257DA56A275121F30008B8BE /* Sfide.swift */ = {isa = PBXFileReference; lastKnownFileType = sourcecode.swift; path = Sfide.swift; sourceTree = "<group>"; };
		257DA56C275121FE0008B8BE /* Utente.swift */ = {isa = PBXFileReference; lastKnownFileType = sourcecode.swift; path = Utente.swift; sourceTree = "<group>"; };
		25BE0CC92753AD0A00B36506 /* OnboardingView.swift */ = {isa = PBXFileReference; lastKnownFileType = sourcecode.swift; path = OnboardingView.swift; sourceTree = "<group>"; };
		25D36B092756817A00B4BBFA /* OnboardingCards.swift */ = {isa = PBXFileReference; lastKnownFileType = sourcecode.swift; path = OnboardingCards.swift; sourceTree = "<group>"; };
/* End PBXFileReference section */

/* Begin PBXFrameworksBuildPhase section */
		257DA5482750F6820008B8BE /* Frameworks */ = {
			isa = PBXFrameworksBuildPhase;
			buildActionMask = 2147483647;
			files = (
			);
			runOnlyForDeploymentPostprocessing = 0;
		};
/* End PBXFrameworksBuildPhase section */

/* Begin PBXGroup section */
		257DA5422750F6820008B8BE = {
			isa = PBXGroup;
			children = (
				257DA54D2750F6820008B8BE /* EcoFriendly */,
				257DA54C2750F6820008B8BE /* Products */,
			);
			sourceTree = "<group>";
		};
		257DA54C2750F6820008B8BE /* Products */ = {
			isa = PBXGroup;
			children = (
				257DA54B2750F6820008B8BE /* EcoFriendly.app */,
			);
			name = Products;
			sourceTree = "<group>";
		};
		257DA54D2750F6820008B8BE /* EcoFriendly */ = {
			isa = PBXGroup;
			children = (
				257DA54E2750F6820008B8BE /* EcoFriendlyApp.swift */,
				25BE0CC92753AD0A00B36506 /* OnboardingView.swift */,
				25D36B092756817A00B4BBFA /* OnboardingCards.swift */,
				257DA55C2750F6EE0008B8BE /* MainView.swift */,
				257DA55E2750F7130008B8BE /* VicinoATeView.swift */,
				257DA5622750F7290008B8BE /* SfideView.swift */,
				257DA56A275121F30008B8BE /* Sfide.swift */,
				257DA5642750F7360008B8BE /* ProfiloView.swift */,
				257DA56C275121FE0008B8BE /* Utente.swift */,
				257DA5522750F6820008B8BE /* Assets.xcassets */,
				257DA5542750F6820008B8BE /* Preview Content */,
			);
			path = EcoFriendly;
			sourceTree = "<group>";
		};
		257DA5542750F6820008B8BE /* Preview Content */ = {
			isa = PBXGroup;
			children = (
				257DA5552750F6820008B8BE /* Preview Assets.xcassets */,
			);
			path = "Preview Content";
			sourceTree = "<group>";
		};
/* End PBXGroup section */

/* Begin PBXNativeTarget section */
		257DA54A2750F6820008B8BE /* EcoFriendly */ = {
			isa = PBXNativeTarget;
			buildConfigurationList = 257DA5592750F6820008B8BE /* Build configuration list for PBXNativeTarget "EcoFriendly" */;
			buildPhases = (
				257DA5472750F6820008B8BE /* Sources */,
				257DA5482750F6820008B8BE /* Frameworks */,
				257DA5492750F6820008B8BE /* Resources */,
			);
			buildRules = (
			);
			dependencies = (
			);
			name = EcoFriendly;
			productName = EcoFriendly;
			productReference = 257DA54B2750F6820008B8BE /* EcoFriendly.app */;
			productType = "com.apple.product-type.application";
		};
/* End PBXNativeTarget section */

/* Begin PBXProject section */
		257DA5432750F6820008B8BE /* Project object */ = {
			isa = PBXProject;
			attributes = {
				BuildIndependentTargetsInParallel = 1;
				LastSwiftUpdateCheck = 1310;
				LastUpgradeCheck = 1310;
				TargetAttributes = {
					257DA54A2750F6820008B8BE = {
						CreatedOnToolsVersion = 13.1;
					};
				};
			};
			buildConfigurationList = 257DA5462750F6820008B8BE /* Build configuration list for PBXProject "EcoFriendly" */;
			compatibilityVersion = "Xcode 13.0";
			developmentRegion = en;
			hasScannedForEncodings = 0;
			knownRegions = (
				en,
				Base,
			);
			mainGroup = 257DA5422750F6820008B8BE;
			productRefGroup = 257DA54C2750F6820008B8BE /* Products */;
			projectDirPath = "";
			projectRoot = "";
			targets = (
				257DA54A2750F6820008B8BE /* EcoFriendly */,
			);
		};
/* End PBXProject section */

/* Begin PBXResourcesBuildPhase section */
		257DA5492750F6820008B8BE /* Resources */ = {
			isa = PBXResourcesBuildPhase;
			buildActionMask = 2147483647;
			files = (
				257DA5562750F6820008B8BE /* Preview Assets.xcassets in Resources */,
				257DA5532750F6820008B8BE /* Assets.xcassets in Resources */,
			);
			runOnlyForDeploymentPostprocessing = 0;
		};
/* End PBXResourcesBuildPhase section */

/* Begin PBXSourcesBuildPhase section */
		257DA5472750F6820008B8BE /* Sources */ = {
			isa = PBXSourcesBuildPhase;
			buildActionMask = 2147483647;
			files = (
				257DA5652750F7360008B8BE /* ProfiloView.swift in Sources */,
				25D36B0A2756817A00B4BBFA /* OnboardingCards.swift in Sources */,
				257DA56B275121F30008B8BE /* Sfide.swift in Sources */,
				257DA5632750F7290008B8BE /* SfideView.swift in Sources */,
				257DA55D2750F6EE0008B8BE /* MainView.swift in Sources */,
				257DA55F2750F7130008B8BE /* VicinoATeView.swift in Sources */,
				25BE0CCA2753AD0A00B36506 /* OnboardingView.swift in Sources */,
				257DA56D275121FE0008B8BE /* Utente.swift in Sources */,
				257DA54F2750F6820008B8BE /* EcoFriendlyApp.swift in Sources */,
			);
			runOnlyForDeploymentPostprocessing = 0;
		};
/* End PBXSourcesBuildPhase section */

/* Begin XCBuildConfiguration section */
		257DA5572750F6820008B8BE /* Debug */ = {
			isa = XCBuildConfiguration;
			buildSettings = {
				ALWAYS_SEARCH_USER_PATHS = NO;
				CLANG_ANALYZER_NONNULL = YES;
				CLANG_ANALYZER_NUMBER_OBJECT_CONVERSION = YES_AGGRESSIVE;
				CLANG_CXX_LANGUAGE_STANDARD = "gnu++17";
				CLANG_CXX_LIBRARY = "libc++";
				CLANG_ENABLE_MODULES = YES;
				CLANG_ENABLE_OBJC_ARC = YES;
				CLANG_ENABLE_OBJC_WEAK = YES;
				CLANG_WARN_BLOCK_CAPTURE_AUTORELEASING = YES;
				CLANG_WARN_BOOL_CONVERSION = YES;
				CLANG_WARN_COMMA = YES;
				CLANG_WARN_CONSTANT_CONVERSION = YES;
				CLANG_WARN_DEPRECATED_OBJC_IMPLEMENTATIONS = YES;
				CLANG_WARN_DIRECT_OBJC_ISA_USAGE = YES_ERROR;
				CLANG_WARN_DOCUMENTATION_COMMENTS = YES;
				CLANG_WARN_EMPTY_BODY = YES;
				CLANG_WARN_ENUM_CONVERSION = YES;
				CLANG_WARN_INFINITE_RECURSION = YES;
				CLANG_WARN_INT_CONVERSION = YES;
				CLANG_WARN_NON_LITERAL_NULL_CONVERSION = YES;
				CLANG_WARN_OBJC_IMPLICIT_RETAIN_SELF = YES;
				CLANG_WARN_OBJC_LITERAL_CONVERSION = YES;
				CLANG_WARN_OBJC_ROOT_CLASS = YES_ERROR;
				CLANG_WARN_QUOTED_INCLUDE_IN_FRAMEWORK_HEADER = YES;
				CLANG_WARN_RANGE_LOOP_ANALYSIS = YES;
				CLANG_WARN_STRICT_PROTOTYPES = YES;
				CLANG_WARN_SUSPICIOUS_MOVE = YES;
				CLANG_WARN_UNGUARDED_AVAILABILITY = YES_AGGRESSIVE;
				CLANG_WARN_UNREACHABLE_CODE = YES;
				CLANG_WARN__DUPLICATE_METHOD_MATCH = YES;
				COPY_PHASE_STRIP = NO;
				DEBUG_INFORMATION_FORMAT = dwarf;
				ENABLE_STRICT_OBJC_MSGSEND = YES;
				ENABLE_TESTABILITY = YES;
				GCC_C_LANGUAGE_STANDARD = gnu11;
				GCC_DYNAMIC_NO_PIC = NO;
				GCC_NO_COMMON_BLOCKS = YES;
				GCC_OPTIMIZATION_LEVEL = 0;
				GCC_PREPROCESSOR_DEFINITIONS = (
					"DEBUG=1",
					"$(inherited)",
				);
				GCC_WARN_64_TO_32_BIT_CONVERSION = YES;
				GCC_WARN_ABOUT_RETURN_TYPE = YES_ERROR;
				GCC_WARN_UNDECLARED_SELECTOR = YES;
				GCC_WARN_UNINITIALIZED_AUTOS = YES_AGGRESSIVE;
				GCC_WARN_UNUSED_FUNCTION = YES;
				GCC_WARN_UNUSED_VARIABLE = YES;
				IPHONEOS_DEPLOYMENT_TARGET = 15.0;
				MTL_ENABLE_DEBUG_INFO = INCLUDE_SOURCE;
				MTL_FAST_MATH = YES;
				ONLY_ACTIVE_ARCH = YES;
				SDKROOT = iphoneos;
				SWIFT_ACTIVE_COMPILATION_CONDITIONS = DEBUG;
				SWIFT_OPTIMIZATION_LEVEL = "-Onone";
			};
			name = Debug;
		};
		257DA5582750F6820008B8BE /* Release */ = {
			isa = XCBuildConfiguration;
			buildSettings = {
				ALWAYS_SEARCH_USER_PATHS = NO;
				CLANG_ANALYZER_NONNULL = YES;
				CLANG_ANALYZER_NUMBER_OBJECT_CONVERSION = YES_AGGRESSIVE;
				CLANG_CXX_LANGUAGE_STANDARD = "gnu++17";
				CLANG_CXX_LIBRARY = "libc++";
				CLANG_ENABLE_MODULES = YES;
				CLANG_ENABLE_OBJC_ARC = YES;
				CLANG_ENABLE_OBJC_WEAK = YES;
				CLANG_WARN_BLOCK_CAPTURE_AUTORELEASING = YES;
				CLANG_WARN_BOOL_CONVERSION = YES;
				CLANG_WARN_COMMA = YES;
				CLANG_WARN_CONSTANT_CONVERSION = YES;
				CLANG_WARN_DEPRECATED_OBJC_IMPLEMENTATIONS = YES;
				CLANG_WARN_DIRECT_OBJC_ISA_USAGE = YES_ERROR;
				CLANG_WARN_DOCUMENTATION_COMMENTS = YES;
				CLANG_WARN_EMPTY_BODY = YES;
				CLANG_WARN_ENUM_CONVERSION = YES;
				CLANG_WARN_INFINITE_RECURSION = YES;
				CLANG_WARN_INT_CONVERSION = YES;
				CLANG_WARN_NON_LITERAL_NULL_CONVERSION = YES;
				CLANG_WARN_OBJC_IMPLICIT_RETAIN_SELF = YES;
				CLANG_WARN_OBJC_LITERAL_CONVERSION = YES;
				CLANG_WARN_OBJC_ROOT_CLASS = YES_ERROR;
				CLANG_WARN_QUOTED_INCLUDE_IN_FRAMEWORK_HEADER = YES;
				CLANG_WARN_RANGE_LOOP_ANALYSIS = YES;
				CLANG_WARN_STRICT_PROTOTYPES = YES;
				CLANG_WARN_SUSPICIOUS_MOVE = YES;
				CLANG_WARN_UNGUARDED_AVAILABILITY = YES_AGGRESSIVE;
				CLANG_WARN_UNREACHABLE_CODE = YES;
				CLANG_WARN__DUPLICATE_METHOD_MATCH = YES;
				COPY_PHASE_STRIP = NO;
				DEBUG_INFORMATION_FORMAT = "dwarf-with-dsym";
				ENABLE_NS_ASSERTIONS = NO;
				ENABLE_STRICT_OBJC_MSGSEND = YES;
				GCC_C_LANGUAGE_STANDARD = gnu11;
				GCC_NO_COMMON_BLOCKS = YES;
				GCC_WARN_64_TO_32_BIT_CONVERSION = YES;
				GCC_WARN_ABOUT_RETURN_TYPE = YES_ERROR;
				GCC_WARN_UNDECLARED_SELECTOR = YES;
				GCC_WARN_UNINITIALIZED_AUTOS = YES_AGGRESSIVE;
				GCC_WARN_UNUSED_FUNCTION = YES;
				GCC_WARN_UNUSED_VARIABLE = YES;
				IPHONEOS_DEPLOYMENT_TARGET = 15.0;
				MTL_ENABLE_DEBUG_INFO = NO;
				MTL_FAST_MATH = YES;
				SDKROOT = iphoneos;
				SWIFT_COMPILATION_MODE = wholemodule;
				SWIFT_OPTIMIZATION_LEVEL = "-O";
				VALIDATE_PRODUCT = YES;
			};
			name = Release;
		};
		257DA55A2750F6820008B8BE /* Debug */ = {
			isa = XCBuildConfiguration;
			buildSettings = {
				ASSETCATALOG_COMPILER_APPICON_NAME = AppIcon;
				ASSETCATALOG_COMPILER_GLOBAL_ACCENT_COLOR_NAME = AccentColor;
				CODE_SIGN_IDENTITY = "Apple Development";
				CODE_SIGN_STYLE = Automatic;
				CURRENT_PROJECT_VERSION = 1;
				DEVELOPMENT_ASSET_PATHS = "\"EcoFriendly/Preview Content\"";
				DEVELOPMENT_TEAM = "";
				ENABLE_PREVIEWS = YES;
				GENERATE_INFOPLIST_FILE = YES;
				INFOPLIST_KEY_UIApplicationSceneManifest_Generation = YES;
				INFOPLIST_KEY_UIApplicationSupportsIndirectInputEvents = YES;
				INFOPLIST_KEY_UILaunchScreen_Generation = YES;
				INFOPLIST_KEY_UISupportedInterfaceOrientations_iPad = "UIInterfaceOrientationPortrait UIInterfaceOrientationPortraitUpsideDown UIInterfaceOrientationLandscapeLeft UIInterfaceOrientationLandscapeRight";
				INFOPLIST_KEY_UISupportedInterfaceOrientations_iPhone = "UIInterfaceOrientationPortrait UIInterfaceOrientationLandscapeLeft UIInterfaceOrientationLandscapeRight";
				LD_RUNPATH_SEARCH_PATHS = (
					"$(inherited)",
					"@executable_path/Frameworks",
				);
				MARKETING_VERSION = 1.0;
				PRODUCT_BUNDLE_IDENTIFIER = it.temsustainability.EcoFriendly;
				PRODUCT_NAME = "$(TARGET_NAME)";
				PROVISIONING_PROFILE_SPECIFIER = "";
				SWIFT_EMIT_LOC_STRINGS = YES;
				SWIFT_VERSION = 5.0;
				TARGETED_DEVICE_FAMILY = "1,2";
			};
			name = Debug;
		};
		257DA55B2750F6820008B8BE /* Release */ = {
			isa = XCBuildConfiguration;
			buildSettings = {
				ASSETCATALOG_COMPILER_APPICON_NAME = AppIcon;
				ASSETCATALOG_COMPILER_GLOBAL_ACCENT_COLOR_NAME = AccentColor;
				CODE_SIGN_IDENTITY = "Apple Development";
				CODE_SIGN_STYLE = Automatic;
				CURRENT_PROJECT_VERSION = 1;
				DEVELOPMENT_ASSET_PATHS = "\"EcoFriendly/Preview Content\"";
				DEVELOPMENT_TEAM = "";
				ENABLE_PREVIEWS = YES;
				GENERATE_INFOPLIST_FILE = YES;
				INFOPLIST_KEY_UIApplicationSceneManifest_Generation = YES;
				INFOPLIST_KEY_UIApplicationSupportsIndirectInputEvents = YES;
				INFOPLIST_KEY_UILaunchScreen_Generation = YES;
				INFOPLIST_KEY_UISupportedInterfaceOrientations_iPad = "UIInterfaceOrientationPortrait UIInterfaceOrientationPortraitUpsideDown UIInterfaceOrientationLandscapeLeft UIInterfaceOrientationLandscapeRight";
				INFOPLIST_KEY_UISupportedInterfaceOrientations_iPhone = "UIInterfaceOrientationPortrait UIInterfaceOrientationLandscapeLeft UIInterfaceOrientationLandscapeRight";
				LD_RUNPATH_SEARCH_PATHS = (
					"$(inherited)",
					"@executable_path/Frameworks",
				);
				MARKETING_VERSION = 1.0;
				PRODUCT_BUNDLE_IDENTIFIER = it.temsustainability.EcoFriendly;
				PRODUCT_NAME = "$(TARGET_NAME)";
				PROVISIONING_PROFILE_SPECIFIER = "";
				SWIFT_EMIT_LOC_STRINGS = YES;
				SWIFT_VERSION = 5.0;
				TARGETED_DEVICE_FAMILY = "1,2";
			};
			name = Release;
		};
/* End XCBuildConfiguration section */

/* Begin XCConfigurationList section */
		257DA5462750F6820008B8BE /* Build configuration list for PBXProject "EcoFriendly" */ = {
			isa = XCConfigurationList;
			buildConfigurations = (
				257DA5572750F6820008B8BE /* Debug */,
				257DA5582750F6820008B8BE /* Release */,
			);
			defaultConfigurationIsVisible = 0;
			defaultConfigurationName = Release;
		};
		257DA5592750F6820008B8BE /* Build configuration list for PBXNativeTarget "EcoFriendly" */ = {
			isa = XCConfigurationList;
			buildConfigurations = (
				257DA55A2750F6820008B8BE /* Debug */,
				257DA55B2750F6820008B8BE /* Release */,
			);
			defaultConfigurationIsVisible = 0;
			defaultConfigurationName = Release;
		};
/* End XCConfigurationList section */
	};
	rootObject = 257DA5432750F6820008B8BE /* Project object */;
}
